<?xml version="1.0" encoding="utf-8"?>
<Project ToolsVersion="4.0" xmlns="http://schemas.microsoft.com/developer/msbuild/2003">
  <ItemGroup>
    <Filter Include="资源文件">
      <UniqueIdentifier>{67DA6AB6-F800-4c08-8B7A-83BB121AAD01}</UniqueIdentifier>
      <Extensions>rc;ico;cur;bmp;dlg;rc2;rct;bin;rgs;gif;jpg;jpeg;jpe;resx;tiff;tif;png;wav;mfcribbon-ms</Extensions>
    </Filter>
    <Filter Include="libavfilter">
      <UniqueIdentifier>{4FC737F1-C7A5-4376-A066-2A32D752A2FF}</UniqueIdentifier>
      <Extensions>cpp;c;cc;cxx;c++;cppm;ixx;def;odl;idl;hpj;bat;asm;asmx</Extensions>
    </Filter>
    <Filter Include="scripts">
      <UniqueIdentifier>{e3149af0-a411-4bd3-91ce-6aa3a210e8ad}</UniqueIdentifier>
    </Filter>
    <Filter Include="doc">
      <UniqueIdentifier>{7da9016e-f357-4813-bce3-d47f309b4cb1}</UniqueIdentifier>
    </Filter>
  </ItemGroup>
  <ItemGroup>
    <ClCompile Include="..\src\libavfilter\allfilters.c">
      <Filter>libavfilter</Filter>
    </ClCompile>
    <ClCompile Include="..\src\libavfilter\vf_qnfilter.c">
      <Filter>libavfilter</Filter>
    </ClCompile>
    <ClCompile Include="..\src\libavfilter\vf_qndeblock_filter.c">
      <Filter>libavfilter</Filter>
    </ClCompile>
  </ItemGroup>
  <ItemGroup>
    <None Include="..\src\libavfilter\Makefile">
      <Filter>libavfilter</Filter>
    </None>
    <None Include="..\scripts\myconf.bat">
      <Filter>scripts</Filter>
    </None>
    <None Include="..\README.md" />
    <None Include="..\to_ffmpeg.py" />
  </ItemGroup>
  <ItemGroup>
    <Text Include="..\doc\注意事项.txt">
      <Filter>doc</Filter>
    </Text>
  </ItemGroup>
</Project>